// !$*UTF8*$!
{
	archiveVersion = 1;
	classes = {
	};
	objectVersion = 50;
	objects = {

/* Begin PBXBuildFile section */
		57926A733C11D21106D09636 /* Pods_ToDoListUITests.framework in Frameworks */ = {isa = PBXBuildFile; fileRef = 8920E2E78FFE8924E0FCBFEC /* Pods_ToDoListUITests.framework */; };
		6EE2DD804391EE95DE62DDA8 /* Pods_ToDoListTests.framework in Frameworks */ = {isa = PBXBuildFile; fileRef = 932B7B9900347C79978CAEFE /* Pods_ToDoListTests.framework */; };
		A1C70BDB23101F240062E65C /* AppDelegate.swift in Sources */ = {isa = PBXBuildFile; fileRef = A1C70BDA23101F240062E65C /* AppDelegate.swift */; };
		A1C70BDD23101F240062E65C /* ViewController.swift in Sources */ = {isa = PBXBuildFile; fileRef = A1C70BDC23101F240062E65C /* ViewController.swift */; };
		A1C70BE023101F240062E65C /* Main.storyboard in Resources */ = {isa = PBXBuildFile; fileRef = A1C70BDE23101F240062E65C /* Main.storyboard */; };
		A1C70BE223101F280062E65C /* Assets.xcassets in Resources */ = {isa = PBXBuildFile; fileRef = A1C70BE123101F280062E65C /* Assets.xcassets */; };
		A1C70BE523101F280062E65C /* LaunchScreen.storyboard in Resources */ = {isa = PBXBuildFile; fileRef = A1C70BE323101F280062E65C /* LaunchScreen.storyboard */; };
		A1C70BF023101F280062E65C /* ToDoListTests.swift in Sources */ = {isa = PBXBuildFile; fileRef = A1C70BEF23101F280062E65C /* ToDoListTests.swift */; };
		A1C70BFB23101F280062E65C /* ToDoListUITests.swift in Sources */ = {isa = PBXBuildFile; fileRef = A1C70BFA23101F280062E65C /* ToDoListUITests.swift */; };
		A1C70C0923118A650062E65C /* listTableViewController.swift in Sources */ = {isa = PBXBuildFile; fileRef = A1C70C0823118A650062E65C /* listTableViewController.swift */; };
		EC5FE56D9E1F21EC3025E3F6 /* Pods_ToDoList.framework in Frameworks */ = {isa = PBXBuildFile; fileRef = 5B2D5B00FC14AF85372EA6B0 /* Pods_ToDoList.framework */; };
/* End PBXBuildFile section */

/* Begin PBXContainerItemProxy section */
		A1C70BEC23101F280062E65C /* PBXContainerItemProxy */ = {
			isa = PBXContainerItemProxy;
			containerPortal = A1C70BCF23101F240062E65C /* Project object */;
			proxyType = 1;
			remoteGlobalIDString = A1C70BD623101F240062E65C;
			remoteInfo = ToDoList;
		};
		A1C70BF723101F280062E65C /* PBXContainerItemProxy */ = {
			isa = PBXContainerItemProxy;
			containerPortal = A1C70BCF23101F240062E65C /* Project object */;
			proxyType = 1;
			remoteGlobalIDString = A1C70BD623101F240062E65C;
			remoteInfo = ToDoList;
		};
/* End PBXContainerItemProxy section */

/* Begin PBXFileReference section */
		08DF988BD4F9F53CBFCA928C /* Pods-ToDoList.debug.xcconfig */ = {isa = PBXFileReference; includeInIndex = 1; lastKnownFileType = text.xcconfig; name = "Pods-ToDoList.debug.xcconfig"; path = "Target Support Files/Pods-ToDoList/Pods-ToDoList.debug.xcconfig"; sourceTree = "<group>"; };
		259E7AD118988B1A078886DE /* Pods-ToDoList.release.xcconfig */ = {isa = PBXFileReference; includeInIndex = 1; lastKnownFileType = text.xcconfig; name = "Pods-ToDoList.release.xcconfig"; path = "Target Support Files/Pods-ToDoList/Pods-ToDoList.release.xcconfig"; sourceTree = "<group>"; };
		410AC517345FFA8F00A2FBA5 /* Pods-ToDoListTests.release.xcconfig */ = {isa = PBXFileReference; includeInIndex = 1; lastKnownFileType = text.xcconfig; name = "Pods-ToDoListTests.release.xcconfig"; path = "Target Support Files/Pods-ToDoListTests/Pods-ToDoListTests.release.xcconfig"; sourceTree = "<group>"; };
		5B2D5B00FC14AF85372EA6B0 /* Pods_ToDoList.framework */ = {isa = PBXFileReference; explicitFileType = wrapper.framework; includeInIndex = 0; path = Pods_ToDoList.framework; sourceTree = BUILT_PRODUCTS_DIR; };
		8920E2E78FFE8924E0FCBFEC /* Pods_ToDoListUITests.framework */ = {isa = PBXFileReference; explicitFileType = wrapper.framework; includeInIndex = 0; path = Pods_ToDoListUITests.framework; sourceTree = BUILT_PRODUCTS_DIR; };
		932B7B9900347C79978CAEFE /* Pods_ToDoListTests.framework */ = {isa = PBXFileReference; explicitFileType = wrapper.framework; includeInIndex = 0; path = Pods_ToDoListTests.framework; sourceTree = BUILT_PRODUCTS_DIR; };
		A1C70BD723101F240062E65C /* ToDoList.app */ = {isa = PBXFileReference; explicitFileType = wrapper.application; includeInIndex = 0; path = ToDoList.app; sourceTree = BUILT_PRODUCTS_DIR; };
		A1C70BDA23101F240062E65C /* AppDelegate.swift */ = {isa = PBXFileReference; lastKnownFileType = sourcecode.swift; path = AppDelegate.swift; sourceTree = "<group>"; };
		A1C70BDC23101F240062E65C /* ViewController.swift */ = {isa = PBXFileReference; lastKnownFileType = sourcecode.swift; path = ViewController.swift; sourceTree = "<group>"; };
		A1C70BDF23101F240062E65C /* Base */ = {isa = PBXFileReference; lastKnownFileType = file.storyboard; name = Base; path = Base.lproj/Main.storyboard; sourceTree = "<group>"; };
		A1C70BE123101F280062E65C /* Assets.xcassets */ = {isa = PBXFileReference; lastKnownFileType = folder.assetcatalog; path = Assets.xcassets; sourceTree = "<group>"; };
		A1C70BE423101F280062E65C /* Base */ = {isa = PBXFileReference; lastKnownFileType = file.storyboard; name = Base; path = Base.lproj/LaunchScreen.storyboard; sourceTree = "<group>"; };
		A1C70BE623101F280062E65C /* Info.plist */ = {isa = PBXFileReference; lastKnownFileType = text.plist.xml; path = Info.plist; sourceTree = "<group>"; };
		A1C70BEB23101F280062E65C /* ToDoListTests.xctest */ = {isa = PBXFileReference; explicitFileType = wrapper.cfbundle; includeInIndex = 0; path = ToDoListTests.xctest; sourceTree = BUILT_PRODUCTS_DIR; };
		A1C70BEF23101F280062E65C /* ToDoListTests.swift */ = {isa = PBXFileReference; lastKnownFileType = sourcecode.swift; path = ToDoListTests.swift; sourceTree = "<group>"; };
		A1C70BF123101F280062E65C /* Info.plist */ = {isa = PBXFileReference; lastKnownFileType = text.plist.xml; path = Info.plist; sourceTree = "<group>"; };
		A1C70BF623101F280062E65C /* ToDoListUITests.xctest */ = {isa = PBXFileReference; explicitFileType = wrapper.cfbundle; includeInIndex = 0; path = ToDoListUITests.xctest; sourceTree = BUILT_PRODUCTS_DIR; };
		A1C70BFA23101F280062E65C /* ToDoListUITests.swift */ = {isa = PBXFileReference; lastKnownFileType = sourcecode.swift; path = ToDoListUITests.swift; sourceTree = "<group>"; };
		A1C70BFC23101F280062E65C /* Info.plist */ = {isa = PBXFileReference; lastKnownFileType = text.plist.xml; path = Info.plist; sourceTree = "<group>"; };
		A1C70C0823118A650062E65C /* listTableViewController.swift */ = {isa = PBXFileReference; lastKnownFileType = sourcecode.swift; path = listTableViewController.swift; sourceTree = "<group>"; };
		DCB2FE8BD6DD281FF940CA33 /* Pods-ToDoListTests.debug.xcconfig */ = {isa = PBXFileReference; includeInIndex = 1; lastKnownFileType = text.xcconfig; name = "Pods-ToDoListTests.debug.xcconfig"; path = "Target Support Files/Pods-ToDoListTests/Pods-ToDoListTests.debug.xcconfig"; sourceTree = "<group>"; };
		ECBA966B6BEE0075A1A60E57 /* Pods-ToDoListUITests.debug.xcconfig */ = {isa = PBXFileReference; includeInIndex = 1; lastKnownFileType = text.xcconfig; name = "Pods-ToDoListUITests.debug.xcconfig"; path = "Target Support Files/Pods-ToDoListUITests/Pods-ToDoListUITests.debug.xcconfig"; sourceTree = "<group>"; };
		F0201B2B8FD46EA022E2D64F /* Pods-ToDoListUITests.release.xcconfig */ = {isa = PBXFileReference; includeInIndex = 1; lastKnownFileType = text.xcconfig; name = "Pods-ToDoListUITests.release.xcconfig"; path = "Target Support Files/Pods-ToDoListUITests/Pods-ToDoListUITests.release.xcconfig"; sourceTree = "<group>"; };
/* End PBXFileReference section */

/* Begin PBXFrameworksBuildPhase section */
		A1C70BD423101F240062E65C /* Frameworks */ = {
			isa = PBXFrameworksBuildPhase;
			buildActionMask = 2147483647;
			files = (
				EC5FE56D9E1F21EC3025E3F6 /* Pods_ToDoList.framework in Frameworks */,
			);
			runOnlyForDeploymentPostprocessing = 0;
		};
		A1C70BE823101F280062E65C /* Frameworks */ = {
			isa = PBXFrameworksBuildPhase;
			buildActionMask = 2147483647;
			files = (
				6EE2DD804391EE95DE62DDA8 /* Pods_ToDoListTests.framework in Frameworks */,
			);
			runOnlyForDeploymentPostprocessing = 0;
		};
		A1C70BF323101F280062E65C /* Frameworks */ = {
			isa = PBXFrameworksBuildPhase;
			buildActionMask = 2147483647;
			files = (
				57926A733C11D21106D09636 /* Pods_ToDoListUITests.framework in Frameworks */,
			);
			runOnlyForDeploymentPostprocessing = 0;
		};
/* End PBXFrameworksBuildPhase section */

/* Begin PBXGroup section */
		50A4211CCFB73E9A496BA2F3 /* Frameworks */ = {
			isa = PBXGroup;
			children = (
				5B2D5B00FC14AF85372EA6B0 /* Pods_ToDoList.framework */,
				932B7B9900347C79978CAEFE /* Pods_ToDoListTests.framework */,
				8920E2E78FFE8924E0FCBFEC /* Pods_ToDoListUITests.framework */,
			);
			name = Frameworks;
			sourceTree = "<group>";
		};
		69EC9462D9D0865AF4623614 /* Pods */ = {
			isa = PBXGroup;
			children = (
				08DF988BD4F9F53CBFCA928C /* Pods-ToDoList.debug.xcconfig */,
				259E7AD118988B1A078886DE /* Pods-ToDoList.release.xcconfig */,
				DCB2FE8BD6DD281FF940CA33 /* Pods-ToDoListTests.debug.xcconfig */,
				410AC517345FFA8F00A2FBA5 /* Pods-ToDoListTests.release.xcconfig */,
				ECBA966B6BEE0075A1A60E57 /* Pods-ToDoListUITests.debug.xcconfig */,
				F0201B2B8FD46EA022E2D64F /* Pods-ToDoListUITests.release.xcconfig */,
			);
			path = Pods;
			sourceTree = "<group>";
		};
		A1C70BCE23101F240062E65C = {
			isa = PBXGroup;
			children = (
				A1C70BD923101F240062E65C /* ToDoList */,
				A1C70BEE23101F280062E65C /* ToDoListTests */,
				A1C70BF923101F280062E65C /* ToDoListUITests */,
				A1C70BD823101F240062E65C /* Products */,
				69EC9462D9D0865AF4623614 /* Pods */,
				50A4211CCFB73E9A496BA2F3 /* Frameworks */,
			);
			sourceTree = "<group>";
		};
		A1C70BD823101F240062E65C /* Products */ = {
			isa = PBXGroup;
			children = (
				A1C70BD723101F240062E65C /* ToDoList.app */,
				A1C70BEB23101F280062E65C /* ToDoListTests.xctest */,
				A1C70BF623101F280062E65C /* ToDoListUITests.xctest */,
			);
			name = Products;
			sourceTree = "<group>";
		};
		A1C70BD923101F240062E65C /* ToDoList */ = {
			isa = PBXGroup;
			children = (
				A1C70BDA23101F240062E65C /* AppDelegate.swift */,
				A1C70BDC23101F240062E65C /* ViewController.swift */,
				A1C70BDE23101F240062E65C /* Main.storyboard */,
				A1C70BE123101F280062E65C /* Assets.xcassets */,
				A1C70BE323101F280062E65C /* LaunchScreen.storyboard */,
				A1C70BE623101F280062E65C /* Info.plist */,
				A1C70C0823118A650062E65C /* listTableViewController.swift */,
			);
			path = ToDoList;
			sourceTree = "<group>";
		};
		A1C70BEE23101F280062E65C /* ToDoListTests */ = {
			isa = PBXGroup;
			children = (
				A1C70BEF23101F280062E65C /* ToDoListTests.swift */,
				A1C70BF123101F280062E65C /* Info.plist */,
			);
			path = ToDoListTests;
			sourceTree = "<group>";
		};
		A1C70BF923101F280062E65C /* ToDoListUITests */ = {
			isa = PBXGroup;
			children = (
				A1C70BFA23101F280062E65C /* ToDoListUITests.swift */,
				A1C70BFC23101F280062E65C /* Info.plist */,
			);
			path = ToDoListUITests;
			sourceTree = "<group>";
		};
/* End PBXGroup section */

/* Begin PBXNativeTarget section */
		A1C70BD623101F240062E65C /* ToDoList */ = {
			isa = PBXNativeTarget;
			buildConfigurationList = A1C70BFF23101F280062E65C /* Build configuration list for PBXNativeTarget "ToDoList" */;
			buildPhases = (
				02B37B2573D8BB924623D531 /* [CP] Check Pods Manifest.lock */,
				A1C70BD323101F240062E65C /* Sources */,
				A1C70BD423101F240062E65C /* Frameworks */,
				A1C70BD523101F240062E65C /* Resources */,
				97C792A96FA6C0B1235843A9 /* [CP] Embed Pods Frameworks */,
			);
			buildRules = (
			);
			dependencies = (
			);
			name = ToDoList;
			productName = ToDoList;
			productReference = A1C70BD723101F240062E65C /* ToDoList.app */;
			productType = "com.apple.product-type.application";
		};
		A1C70BEA23101F280062E65C /* ToDoListTests */ = {
			isa = PBXNativeTarget;
			buildConfigurationList = A1C70C0223101F280062E65C /* Build configuration list for PBXNativeTarget "ToDoListTests" */;
			buildPhases = (
				713207CE289672C8D7F79D1E /* [CP] Check Pods Manifest.lock */,
				A1C70BE723101F280062E65C /* Sources */,
				A1C70BE823101F280062E65C /* Frameworks */,
				A1C70BE923101F280062E65C /* Resources */,
			);
			buildRules = (
			);
			dependencies = (
				A1C70BED23101F280062E65C /* PBXTargetDependency */,
			);
			name = ToDoListTests;
			productName = ToDoListTests;
			productReference = A1C70BEB23101F280062E65C /* ToDoListTests.xctest */;
			productType = "com.apple.product-type.bundle.unit-test";
		};
		A1C70BF523101F280062E65C /* ToDoListUITests */ = {
			isa = PBXNativeTarget;
			buildConfigurationList = A1C70C0523101F280062E65C /* Build configuration list for PBXNativeTarget "ToDoListUITests" */;
			buildPhases = (
				D56F52F388B88E1C158B3A2E /* [CP] Check Pods Manifest.lock */,
				A1C70BF223101F280062E65C /* Sources */,
				A1C70BF323101F280062E65C /* Frameworks */,
				A1C70BF423101F280062E65C /* Resources */,
			);
			buildRules = (
			);
			dependencies = (
				A1C70BF823101F280062E65C /* PBXTargetDependency */,
			);
			name = ToDoListUITests;
			productName = ToDoListUITests;
			productReference = A1C70BF623101F280062E65C /* ToDoListUITests.xctest */;
			productType = "com.apple.product-type.bundle.ui-testing";
		};
/* End PBXNativeTarget section */

/* Begin PBXProject section */
		A1C70BCF23101F240062E65C /* Project object */ = {
			isa = PBXProject;
			attributes = {
				LastSwiftUpdateCheck = 1010;
				LastUpgradeCheck = 1010;
				ORGANIZATIONNAME = "野崎絵未里";
				TargetAttributes = {
					A1C70BD623101F240062E65C = {
						CreatedOnToolsVersion = 10.1;
					};
					A1C70BEA23101F280062E65C = {
						CreatedOnToolsVersion = 10.1;
						TestTargetID = A1C70BD623101F240062E65C;
					};
					A1C70BF523101F280062E65C = {
						CreatedOnToolsVersion = 10.1;
						TestTargetID = A1C70BD623101F240062E65C;
					};
				};
			};
			buildConfigurationList = A1C70BD223101F240062E65C /* Build configuration list for PBXProject "ToDoList" */;
			compatibilityVersion = "Xcode 9.3";
			developmentRegion = en;
			hasScannedForEncodings = 0;
			knownRegions = (
				en,
				Base,
			);
			mainGroup = A1C70BCE23101F240062E65C;
			productRefGroup = A1C70BD823101F240062E65C /* Products */;
			projectDirPath = "";
			projectRoot = "";
			targets = (
				A1C70BD623101F240062E65C /* ToDoList */,
				A1C70BEA23101F280062E65C /* ToDoListTests */,
				A1C70BF523101F280062E65C /* ToDoListUITests */,
			);
		};
/* End PBXProject section */

/* Begin PBXResourcesBuildPhase section */
		A1C70BD523101F240062E65C /* Resources */ = {
			isa = PBXResourcesBuildPhase;
			buildActionMask = 2147483647;
			files = (
				A1C70BE523101F280062E65C /* LaunchScreen.storyboard in Resources */,
				A1C70BE223101F280062E65C /* Assets.xcassets in Resources */,
				A1C70BE023101F240062E65C /* Main.storyboard in Resources */,
			);
			runOnlyForDeploymentPostprocessing = 0;
		};
		A1C70BE923101F280062E65C /* Resources */ = {
			isa = PBXResourcesBuildPhase;
			buildActionMask = 2147483647;
			files = (
			);
			runOnlyForDeploymentPostprocessing = 0;
		};
		A1C70BF423101F280062E65C /* Resources */ = {
			isa = PBXResourcesBuildPhase;
			buildActionMask = 2147483647;
			files = (
			);
			runOnlyForDeploymentPostprocessing = 0;
		};
/* End PBXResourcesBuildPhase section */

/* Begin PBXShellScriptBuildPhase section */
		02B37B2573D8BB924623D531 /* [CP] Check Pods Manifest.lock */ = {
			isa = PBXShellScriptBuildPhase;
			buildActionMask = 2147483647;
			files = (
			);
			inputFileListPaths = (
			);
			inputPaths = (
				"${PODS_PODFILE_DIR_PATH}/Podfile.lock",
				"${PODS_ROOT}/Manifest.lock",
			);
			name = "[CP] Check Pods Manifest.lock";
			outputFileListPaths = (
			);
			outputPaths = (
				"$(DERIVED_FILE_DIR)/Pods-ToDoList-checkManifestLockResult.txt",
			);
			runOnlyForDeploymentPostprocessing = 0;
			shellPath = /bin/sh;
			shellScript = "diff \"${PODS_PODFILE_DIR_PATH}/Podfile.lock\" \"${PODS_ROOT}/Manifest.lock\" > /dev/null\nif [ $? != 0 ] ; then\n    # print error to STDERR\n    echo \"error: The sandbox is not in sync with the Podfile.lock. Run 'pod install' or update your CocoaPods installation.\" >&2\n    exit 1\nfi\n# This output is used by Xcode 'outputs' to avoid re-running this script phase.\necho \"SUCCESS\" > \"${SCRIPT_OUTPUT_FILE_0}\"\n";
			showEnvVarsInLog = 0;
		};
		713207CE289672C8D7F79D1E /* [CP] Check Pods Manifest.lock */ = {
			isa = PBXShellScriptBuildPhase;
			buildActionMask = 2147483647;
			files = (
			);
			inputFileListPaths = (
			);
			inputPaths = (
				"${PODS_PODFILE_DIR_PATH}/Podfile.lock",
				"${PODS_ROOT}/Manifest.lock",
			);
			name = "[CP] Check Pods Manifest.lock";
			outputFileListPaths = (
			);
			outputPaths = (
				"$(DERIVED_FILE_DIR)/Pods-ToDoListTests-checkManifestLockResult.txt",
			);
			runOnlyForDeploymentPostprocessing = 0;
			shellPath = /bin/sh;
			shellScript = "diff \"${PODS_PODFILE_DIR_PATH}/Podfile.lock\" \"${PODS_ROOT}/Manifest.lock\" > /dev/null\nif [ $? != 0 ] ; then\n    # print error to STDERR\n    echo \"error: The sandbox is not in sync with the Podfile.lock. Run 'pod install' or update your CocoaPods installation.\" >&2\n    exit 1\nfi\n# This output is used by Xcode 'outputs' to avoid re-running this script phase.\necho \"SUCCESS\" > \"${SCRIPT_OUTPUT_FILE_0}\"\n";
			showEnvVarsInLog = 0;
		};
		97C792A96FA6C0B1235843A9 /* [CP] Embed Pods Frameworks */ = {
			isa = PBXShellScriptBuildPhase;
			buildActionMask = 2147483647;
			files = (
			);
			inputFileListPaths = (
				"${PODS_ROOT}/Target Support Files/Pods-ToDoList/Pods-ToDoList-frameworks-${CONFIGURATION}-input-files.xcfilelist",
			);
			name = "[CP] Embed Pods Frameworks";
			outputFileListPaths = (
				"${PODS_ROOT}/Target Support Files/Pods-ToDoList/Pods-ToDoList-frameworks-${CONFIGURATION}-output-files.xcfilelist",
			);
			runOnlyForDeploymentPostprocessing = 0;
			shellPath = /bin/sh;
			shellScript = "\"${PODS_ROOT}/Target Support Files/Pods-ToDoList/Pods-ToDoList-frameworks.sh\"\n";
			showEnvVarsInLog = 0;
		};
		D56F52F388B88E1C158B3A2E /* [CP] Check Pods Manifest.lock */ = {
			isa = PBXShellScriptBuildPhase;
			buildActionMask = 2147483647;
			files = (
			);
			inputFileListPaths = (
			);
			inputPaths = (
				"${PODS_PODFILE_DIR_PATH}/Podfile.lock",
				"${PODS_ROOT}/Manifest.lock",
			);
			name = "[CP] Check Pods Manifest.lock";
			outputFileListPaths = (
			);
			outputPaths = (
				"$(DERIVED_FILE_DIR)/Pods-ToDoListUITests-checkManifestLockResult.txt",
			);
			runOnlyForDeploymentPostprocessing = 0;
			shellPath = /bin/sh;
			shellScript = "diff \"${PODS_PODFILE_DIR_PATH}/Podfile.lock\" \"${PODS_ROOT}/Manifest.lock\" > /dev/null\nif [ $? != 0 ] ; then\n    # print error to STDERR\n    echo \"error: The sandbox is not in sync with the Podfile.lock. Run 'pod install' or update your CocoaPods installation.\" >&2\n    exit 1\nfi\n# This output is used by Xcode 'outputs' to avoid re-running this script phase.\necho \"SUCCESS\" > \"${SCRIPT_OUTPUT_FILE_0}\"\n";
			showEnvVarsInLog = 0;
		};
/* End PBXShellScriptBuildPhase section */

/* Begin PBXSourcesBuildPhase section */
		A1C70BD323101F240062E65C /* Sources */ = {
			isa = PBXSourcesBuildPhase;
			buildActionMask = 2147483647;
			files = (
				A1C70BDD23101F240062E65C /* ViewController.swift in Sources */,
				A1C70BDB23101F240062E65C /* AppDelegate.swift in Sources */,
				A1C70C0923118A650062E65C /* listTableViewController.swift in Sources */,
			);
			runOnlyForDeploymentPostprocessing = 0;
		};
		A1C70BE723101F280062E65C /* Sources */ = {
			isa = PBXSourcesBuildPhase;
			buildActionMask = 2147483647;
			files = (
				A1C70BF023101F280062E65C /* ToDoListTests.swift in Sources */,
			);
			runOnlyForDeploymentPostprocessing = 0;
		};
		A1C70BF223101F280062E65C /* Sources */ = {
			isa = PBXSourcesBuildPhase;
			buildActionMask = 2147483647;
			files = (
				A1C70BFB23101F280062E65C /* ToDoListUITests.swift in Sources */,
			);
			runOnlyForDeploymentPostprocessing = 0;
		};
/* End PBXSourcesBuildPhase section */

/* Begin PBXTargetDependency section */
		A1C70BED23101F280062E65C /* PBXTargetDependency */ = {
			isa = PBXTargetDependency;
			target = A1C70BD623101F240062E65C /* ToDoList */;
			targetProxy = A1C70BEC23101F280062E65C /* PBXContainerItemProxy */;
		};
		A1C70BF823101F280062E65C /* PBXTargetDependency */ = {
			isa = PBXTargetDependency;
			target = A1C70BD623101F240062E65C /* ToDoList */;
			targetProxy = A1C70BF723101F280062E65C /* PBXContainerItemProxy */;
		};
/* End PBXTargetDependency section */

/* Begin PBXVariantGroup section */
		A1C70BDE23101F240062E65C /* Main.storyboard */ = {
			isa = PBXVariantGroup;
			children = (
				A1C70BDF23101F240062E65C /* Base */,
			);
			name = Main.storyboard;
			sourceTree = "<group>";
		};
		A1C70BE323101F280062E65C /* LaunchScreen.storyboard */ = {
			isa = PBXVariantGroup;
			children = (
				A1C70BE423101F280062E65C /* Base */,
			);
			name = LaunchScreen.storyboard;
			sourceTree = "<group>";
		};
/* End PBXVariantGroup section */

/* Begin XCBuildConfiguration section */
		A1C70BFD23101F280062E65C /* Debug */ = {
			isa = XCBuildConfiguration;
			buildSettings = {
				ALWAYS_SEARCH_USER_PATHS = NO;
				CLANG_ANALYZER_NONNULL = YES;
				CLANG_ANALYZER_NUMBER_OBJECT_CONVERSION = YES_AGGRESSIVE;
				CLANG_CXX_LANGUAGE_STANDARD = "gnu++14";
				CLANG_CXX_LIBRARY = "libc++";
				CLANG_ENABLE_MODULES = YES;
				CLANG_ENABLE_OBJC_ARC = YES;
				CLANG_ENABLE_OBJC_WEAK = YES;
				CLANG_WARN_BLOCK_CAPTURE_AUTORELEASING = YES;
				CLANG_WARN_BOOL_CONVERSION = YES;
				CLANG_WARN_COMMA = YES;
				CLANG_WARN_CONSTANT_CONVERSION = YES;
				CLANG_WARN_DEPRECATED_OBJC_IMPLEMENTATIONS = YES;
				CLANG_WARN_DIRECT_OBJC_ISA_USAGE = YES_ERROR;
				CLANG_WARN_DOCUMENTATION_COMMENTS = YES;
				CLANG_WARN_EMPTY_BODY = YES;
				CLANG_WARN_ENUM_CONVERSION = YES;
				CLANG_WARN_INFINITE_RECURSION = YES;
				CLANG_WARN_INT_CONVERSION = YES;
				CLANG_WARN_NON_LITERAL_NULL_CONVERSION = YES;
				CLANG_WARN_OBJC_IMPLICIT_RETAIN_SELF = YES;
				CLANG_WARN_OBJC_LITERAL_CONVERSION = YES;
				CLANG_WARN_OBJC_ROOT_CLASS = YES_ERROR;
				CLANG_WARN_RANGE_LOOP_ANALYSIS = YES;
				CLANG_WARN_STRICT_PROTOTYPES = YES;
				CLANG_WARN_SUSPICIOUS_MOVE = YES;
				CLANG_WARN_UNGUARDED_AVAILABILITY = YES_AGGRESSIVE;
				CLANG_WARN_UNREACHABLE_CODE = YES;
				CLANG_WARN__DUPLICATE_METHOD_MATCH = YES;
				CODE_SIGN_IDENTITY = "iPhone Developer";
				COPY_PHASE_STRIP = NO;
				DEBUG_INFORMATION_FORMAT = dwarf;
				ENABLE_STRICT_OBJC_MSGSEND = YES;
				ENABLE_TESTABILITY = YES;
				GCC_C_LANGUAGE_STANDARD = gnu11;
				GCC_DYNAMIC_NO_PIC = NO;
				GCC_NO_COMMON_BLOCKS = YES;
				GCC_OPTIMIZATION_LEVEL = 0;
				GCC_PREPROCESSOR_DEFINITIONS = (
					"DEBUG=1",
					"$(inherited)",
				);
				GCC_WARN_64_TO_32_BIT_CONVERSION = YES;
				GCC_WARN_ABOUT_RETURN_TYPE = YES_ERROR;
				GCC_WARN_UNDECLARED_SELECTOR = YES;
				GCC_WARN_UNINITIALIZED_AUTOS = YES_AGGRESSIVE;
				GCC_WARN_UNUSED_FUNCTION = YES;
				GCC_WARN_UNUSED_VARIABLE = YES;
				IPHONEOS_DEPLOYMENT_TARGET = 12.1;
				MTL_ENABLE_DEBUG_INFO = INCLUDE_SOURCE;
				MTL_FAST_MATH = YES;
				ONLY_ACTIVE_ARCH = YES;
				SDKROOT = iphoneos;
				SWIFT_ACTIVE_COMPILATION_CONDITIONS = DEBUG;
				SWIFT_OPTIMIZATION_LEVEL = "-Onone";
			};
			name = Debug;
		};
		A1C70BFE23101F280062E65C /* Release */ = {
			isa = XCBuildConfiguration;
			buildSettings = {
				ALWAYS_SEARCH_USER_PATHS = NO;
				CLANG_ANALYZER_NONNULL = YES;
				CLANG_ANALYZER_NUMBER_OBJECT_CONVERSION = YES_AGGRESSIVE;
				CLANG_CXX_LANGUAGE_STANDARD = "gnu++14";
				CLANG_CXX_LIBRARY = "libc++";
				CLANG_ENABLE_MODULES = YES;
				CLANG_ENABLE_OBJC_ARC = YES;
				CLANG_ENABLE_OBJC_WEAK = YES;
				CLANG_WARN_BLOCK_CAPTURE_AUTORELEASING = YES;
				CLANG_WARN_BOOL_CONVERSION = YES;
				CLANG_WARN_COMMA = YES;
				CLANG_WARN_CONSTANT_CONVERSION = YES;
				CLANG_WARN_DEPRECATED_OBJC_IMPLEMENTATIONS = YES;
				CLANG_WARN_DIRECT_OBJC_ISA_USAGE = YES_ERROR;
				CLANG_WARN_DOCUMENTATION_COMMENTS = YES;
				CLANG_WARN_EMPTY_BODY = YES;
				CLANG_WARN_ENUM_CONVERSION = YES;
				CLANG_WARN_INFINITE_RECURSION = YES;
				CLANG_WARN_INT_CONVERSION = YES;
				CLANG_WARN_NON_LITERAL_NULL_CONVERSION = YES;
				CLANG_WARN_OBJC_IMPLICIT_RETAIN_SELF = YES;
				CLANG_WARN_OBJC_LITERAL_CONVERSION = YES;
				CLANG_WARN_OBJC_ROOT_CLASS = YES_ERROR;
				CLANG_WARN_RANGE_LOOP_ANALYSIS = YES;
				CLANG_WARN_STRICT_PROTOTYPES = YES;
				CLANG_WARN_SUSPICIOUS_MOVE = YES;
				CLANG_WARN_UNGUARDED_AVAILABILITY = YES_AGGRESSIVE;
				CLANG_WARN_UNREACHABLE_CODE = YES;
				CLANG_WARN__DUPLICATE_METHOD_MATCH = YES;
				CODE_SIGN_IDENTITY = "iPhone Developer";
				COPY_PHASE_STRIP = NO;
				DEBUG_INFORMATION_FORMAT = "dwarf-with-dsym";
				ENABLE_NS_ASSERTIONS = NO;
				ENABLE_STRICT_OBJC_MSGSEND = YES;
				GCC_C_LANGUAGE_STANDARD = gnu11;
				GCC_NO_COMMON_BLOCKS = YES;
				GCC_WARN_64_TO_32_BIT_CONVERSION = YES;
				GCC_WARN_ABOUT_RETURN_TYPE = YES_ERROR;
				GCC_WARN_UNDECLARED_SELECTOR = YES;
				GCC_WARN_UNINITIALIZED_AUTOS = YES_AGGRESSIVE;
				GCC_WARN_UNUSED_FUNCTION = YES;
				GCC_WARN_UNUSED_VARIABLE = YES;
				IPHONEOS_DEPLOYMENT_TARGET = 12.1;
				MTL_ENABLE_DEBUG_INFO = NO;
				MTL_FAST_MATH = YES;
				SDKROOT = iphoneos;
				SWIFT_COMPILATION_MODE = wholemodule;
				SWIFT_OPTIMIZATION_LEVEL = "-O";
				VALIDATE_PRODUCT = YES;
			};
			name = Release;
		};
		A1C70C0023101F280062E65C /* Debug */ = {
			isa = XCBuildConfiguration;
			baseConfigurationReference = 08DF988BD4F9F53CBFCA928C /* Pods-ToDoList.debug.xcconfig */;
			buildSettings = {
				ASSETCATALOG_COMPILER_APPICON_NAME = AppIcon;
				CODE_SIGN_STYLE = Automatic;
				DEVELOPMENT_TEAM = 743J7J89D4;
				INFOPLIST_FILE = ToDoList/Info.plist;
				LD_RUNPATH_SEARCH_PATHS = (
					"$(inherited)",
					"@executable_path/Frameworks",
				);
				PRODUCT_BUNDLE_IDENTIFIER = Emily.ToDoList;
				PRODUCT_NAME = "$(TARGET_NAME)";
				SWIFT_VERSION = 4.2;
				TARGETED_DEVICE_FAMILY = "1,2";
			};
			name = Debug;
		};
		A1C70C0123101F280062E65C /* Release */ = {
			isa = XCBuildConfiguration;
			baseConfigurationReference = 259E7AD118988B1A078886DE /* Pods-ToDoList.release.xcconfig */;
			buildSettings = {
				ASSETCATALOG_COMPILER_APPICON_NAME = AppIcon;
				CODE_SIGN_STYLE = Automatic;
				DEVELOPMENT_TEAM = 743J7J89D4;
				INFOPLIST_FILE = ToDoList/Info.plist;
				LD_RUNPATH_SEARCH_PATHS = (
					"$(inherited)",
					"@executable_path/Frameworks",
				);
				PRODUCT_BUNDLE_IDENTIFIER = Emily.ToDoList;
				PRODUCT_NAME = "$(TARGET_NAME)";
				SWIFT_VERSION = 4.2;
				TARGETED_DEVICE_FAMILY = "1,2";
			};
			name = Release;
		};
		A1C70C0323101F280062E65C /* Debug */ = {
			isa = XCBuildConfiguration;
			baseConfigurationReference = DCB2FE8BD6DD281FF940CA33 /* Pods-ToDoListTests.debug.xcconfig */;
			buildSettings = {
				ALWAYS_EMBED_SWIFT_STANDARD_LIBRARIES = YES;
				BUNDLE_LOADER = "$(TEST_HOST)";
				CODE_SIGN_STYLE = Automatic;
				DEVELOPMENT_TEAM = 743J7J89D4;
				INFOPLIST_FILE = ToDoListTests/Info.plist;
				LD_RUNPATH_SEARCH_PATHS = (
					"$(inherited)",
					"@executable_path/Frameworks",
					"@loader_path/Frameworks",
				);
				PRODUCT_BUNDLE_IDENTIFIER = Emily.ToDoListTests;
				PRODUCT_NAME = "$(TARGET_NAME)";
				SWIFT_VERSION = 4.2;
				TARGETED_DEVICE_FAMILY = "1,2";
				TEST_HOST = "$(BUILT_PRODUCTS_DIR)/ToDoList.app/ToDoList";
			};
			name = Debug;
		};
		A1C70C0423101F280062E65C /* Release */ = {
			isa = XCBuildConfiguration;
			baseConfigurationReference = 410AC517345FFA8F00A2FBA5 /* Pods-ToDoListTests.release.xcconfig */;
			buildSettings = {
				ALWAYS_EMBED_SWIFT_STANDARD_LIBRARIES = YES;
				BUNDLE_LOADER = "$(TEST_HOST)";
				CODE_SIGN_STYLE = Automatic;
				DEVELOPMENT_TEAM = 743J7J89D4;
				INFOPLIST_FILE = ToDoListTests/Info.plist;
				LD_RUNPATH_SEARCH_PATHS = (
					"$(inherited)",
					"@executable_path/Frameworks",
					"@loader_path/Frameworks",
				);
				PRODUCT_BUNDLE_IDENTIFIER = Emily.ToDoListTests;
				PRODUCT_NAME = "$(TARGET_NAME)";
				SWIFT_VERSION = 4.2;
				TARGETED_DEVICE_FAMILY = "1,2";
				TEST_HOST = "$(BUILT_PRODUCTS_DIR)/ToDoList.app/ToDoList";
			};
			name = Release;
		};
		A1C70C0623101F280062E65C /* Debug */ = {
			isa = XCBuildConfiguration;
			baseConfigurationReference = ECBA966B6BEE0075A1A60E57 /* Pods-ToDoListUITests.debug.xcconfig */;
			buildSettings = {
				ALWAYS_EMBED_SWIFT_STANDARD_LIBRARIES = YES;
				CODE_SIGN_STYLE = Automatic;
				DEVELOPMENT_TEAM = 743J7J89D4;
				INFOPLIST_FILE = ToDoListUITests/Info.plist;
				LD_RUNPATH_SEARCH_PATHS = (
					"$(inherited)",
					"@executable_path/Frameworks",
					"@loader_path/Frameworks",
				);
				PRODUCT_BUNDLE_IDENTIFIER = Emily.ToDoListUITests;
				PRODUCT_NAME = "$(TARGET_NAME)";
				SWIFT_VERSION = 4.2;
				TARGETED_DEVICE_FAMILY = "1,2";
				TEST_TARGET_NAME = ToDoList;
			};
			name = Debug;
		};
		A1C70C0723101F280062E65C /* Release */ = {
			isa = XCBuildConfiguration;
			baseConfigurationReference = F0201B2B8FD46EA022E2D64F /* Pods-ToDoListUITests.release.xcconfig */;
			buildSettings = {
				ALWAYS_EMBED_SWIFT_STANDARD_LIBRARIES = YES;
				CODE_SIGN_STYLE = Automatic;
				DEVELOPMENT_TEAM = 743J7J89D4;
				INFOPLIST_FILE = ToDoListUITests/Info.plist;
				LD_RUNPATH_SEARCH_PATHS = (
					"$(inherited)",
					"@executable_path/Frameworks",
					"@loader_path/Frameworks",
				);
				PRODUCT_BUNDLE_IDENTIFIER = Emily.ToDoListUITests;
				PRODUCT_NAME = "$(TARGET_NAME)";
				SWIFT_VERSION = 4.2;
				TARGETED_DEVICE_FAMILY = "1,2";
				TEST_TARGET_NAME = ToDoList;
			};
			name = Release;
		};
/* End XCBuildConfiguration section */

/* Begin XCConfigurationList section */
		A1C70BD223101F240062E65C /* Build configuration list for PBXProject "ToDoList" */ = {
			isa = XCConfigurationList;
			buildConfigurations = (
				A1C70BFD23101F280062E65C /* Debug */,
				A1C70BFE23101F280062E65C /* Release */,
			);
			defaultConfigurationIsVisible = 0;
			defaultConfigurationName = Release;
		};
		A1C70BFF23101F280062E65C /* Build configuration list for PBXNativeTarget "ToDoList" */ = {
			isa = XCConfigurationList;
			buildConfigurations = (
				A1C70C0023101F280062E65C /* Debug */,
				A1C70C0123101F280062E65C /* Release */,
			);
			defaultConfigurationIsVisible = 0;
			defaultConfigurationName = Release;
		};
		A1C70C0223101F280062E65C /* Build configuration list for PBXNativeTarget "ToDoListTests" */ = {
			isa = XCConfigurationList;
			buildConfigurations = (
				A1C70C0323101F280062E65C /* Debug */,
				A1C70C0423101F280062E65C /* Release */,
			);
			defaultConfigurationIsVisible = 0;
			defaultConfigurationName = Release;
		};
		A1C70C0523101F280062E65C /* Build configuration list for PBXNativeTarget "ToDoListUITests" */ = {
			isa = XCConfigurationList;
			buildConfigurations = (
				A1C70C0623101F280062E65C /* Debug */,
				A1C70C0723101F280062E65C /* Release */,
			);
			defaultConfigurationIsVisible = 0;
			defaultConfigurationName = Release;
		};
/* End XCConfigurationList section */
	};
	rootObject = A1C70BCF23101F240062E65C /* Project object */;
}
